
Microsoft Visual Studio Solution File, Format Version 12.00
# Visual Studio Version 17
VisualStudioVersion = 17.5.33424.131
MinimumVisualStudioVersion = 10.0.40219.1
Project("{9A19103F-16F7-4668-BE54-9A1E7A4F7556}") = "ViewVariantSave.Module", "ViewVariantSave.Module\ViewVariantSave.Module.csproj", "{F8781CEE-C181-4E55-8DE1-71CF5AC0FE63}"
EndProject
Project("{9A19103F-16F7-4668-BE54-9A1E7A4F7556}") = "ViewVariantSave.Win", "ViewVariantSave.Win\ViewVariantSave.Win.csproj", "{8AD51322-1F29-4428-9164-5E55C77D5537}"
EndProject
Project("{9A19103F-16F7-4668-BE54-9A1E7A4F7556}") = "ViewVariantSave.Blazor.Server", "ViewVariantSave.Blazor.Server\ViewVariantSave.Blazor.Server.csproj", "{2FEB7944-C0CB-4196-8794-EA86AED33C80}"
EndProject
Global
	GlobalSection(SolutionConfigurationPlatforms) = preSolution
		Debug|Any CPU = Debug|Any CPU
		EasyTest|Any CPU = EasyTest|Any CPU
		Release|Any CPU = Release|Any CPU
	EndGlobalSection
	GlobalSection(ProjectConfigurationPlatforms) = postSolution
		{F8781CEE-C181-4E55-8DE1-71CF5AC0FE63}.Debug|Any CPU.ActiveCfg = Debug|Any CPU
		{F8781CEE-C181-4E55-8DE1-71CF5AC0FE63}.Debug|Any CPU.Build.0 = Debug|Any CPU
		{F8781CEE-C181-4E55-8DE1-71CF5AC0FE63}.EasyTest|Any CPU.ActiveCfg = EasyTest|Any CPU
		{F8781CEE-C181-4E55-8DE1-71CF5AC0FE63}.EasyTest|Any CPU.Build.0 = EasyTest|Any CPU
		{F8781CEE-C181-4E55-8DE1-71CF5AC0FE63}.Release|Any CPU.ActiveCfg = Release|Any CPU
		{F8781CEE-C181-4E55-8DE1-71CF5AC0FE63}.Release|Any CPU.Build.0 = Release|Any CPU
		{8AD51322-1F29-4428-9164-5E55C77D5537}.Debug|Any CPU.ActiveCfg = Debug|Any CPU
		{8AD51322-1F29-4428-9164-5E55C77D5537}.Debug|Any CPU.Build.0 = Debug|Any CPU
		{8AD51322-1F29-4428-9164-5E55C77D5537}.EasyTest|Any CPU.ActiveCfg = EasyTest|Any CPU
		{8AD51322-1F29-4428-9164-5E55C77D5537}.EasyTest|Any CPU.Build.0 = EasyTest|Any CPU
		{8AD51322-1F29-4428-9164-5E55C77D5537}.Release|Any CPU.ActiveCfg = Release|Any CPU
		{8AD51322-1F29-4428-9164-5E55C77D5537}.Release|Any CPU.Build.0 = Release|Any CPU
		{2FEB7944-C0CB-4196-8794-EA86AED33C80}.Debug|Any CPU.ActiveCfg = Debug|Any CPU
		{2FEB7944-C0CB-4196-8794-EA86AED33C80}.Debug|Any CPU.Build.0 = Debug|Any CPU
		{2FEB7944-C0CB-4196-8794-EA86AED33C80}.EasyTest|Any CPU.ActiveCfg = EasyTest|Any CPU
		{2FEB7944-C0CB-4196-8794-EA86AED33C80}.EasyTest|Any CPU.Build.0 = EasyTest|Any CPU
		{2FEB7944-C0CB-4196-8794-EA86AED33C80}.Release|Any CPU.ActiveCfg = Release|Any CPU
		{2FEB7944-C0CB-4196-8794-EA86AED33C80}.Release|Any CPU.Build.0 = Release|Any CPU
	EndGlobalSection
	GlobalSection(SolutionProperties) = preSolution
		HideSolutionNode = FALSE
	EndGlobalSection
EndGlobal
